
Microsoft Visual Studio Solution File, Format Version 12.00
Project("{FAE04EC0-301F-11D3-BF4B-00C04F79EFBC}") = "WmiCookBook", "WmiCookBook\WmiCookBook.csproj", "{05310F6A-4CDC-424C-A9DD-B3FFEABAE653}"
EndProject
Project("{FAE04EC0-301F-11D3-BF4B-00C04F79EFBC}") = "WmiCookBook.IntegrationTests", "WmiCookBook.IntegrationTests\WmiCookBook.IntegrationTests.csproj", "{42B92114-866A-4974-822F-860FB6507292}"
EndProject
Global
	GlobalSection(SolutionConfigurationPlatforms) = preSolution
		Debug|Any CPU = Debug|Any CPU
		Release|Any CPU = Release|Any CPU
	EndGlobalSection
	GlobalSection(ProjectConfigurationPlatforms) = postSolution
		{05310F6A-4CDC-424C-A9DD-B3FFEABAE653}.Debug|Any CPU.ActiveCfg = Debug|Any CPU
		{05310F6A-4CDC-424C-A9DD-B3FFEABAE653}.Debug|Any CPU.Build.0 = Debug|Any CPU
		{05310F6A-4CDC-424C-A9DD-B3FFEABAE653}.Release|Any CPU.ActiveCfg = Release|Any CPU
		{05310F6A-4CDC-424C-A9DD-B3FFEABAE653}.Release|Any CPU.Build.0 = Release|Any CPU
		{42B92114-866A-4974-822F-860FB6507292}.Debug|Any CPU.ActiveCfg = Debug|Any CPU
		{42B92114-866A-4974-822F-860FB6507292}.Debug|Any CPU.Build.0 = Debug|Any CPU
		{42B92114-866A-4974-822F-860FB6507292}.Release|Any CPU.ActiveCfg = Release|Any CPU
		{42B92114-866A-4974-822F-860FB6507292}.Release|Any CPU.Build.0 = Release|Any CPU
	EndGlobalSection
EndGlobal
